
Microsoft Visual Studio Solution File, Format Version 12.00
# Visual Studio Version 17
VisualStudioVersion = 17.5.002.0
MinimumVisualStudioVersion = 10.0.40219.1
Project("{9A19103F-16F7-4668-BE54-9A1E7A4F7556}") = "14-question-program-Seth-Woods-Student", "14-question-program-Seth-Woods-Student.csproj", "{86ADAC17-7EB0-45D4-8859-AD26E0A1FE22}"
EndProject
Global
	GlobalSection(SolutionConfigurationPlatforms) = preSolution
		Debug|Any CPU = Debug|Any CPU
		Release|Any CPU = Release|Any CPU
	EndGlobalSection
	GlobalSection(ProjectConfigurationPlatforms) = postSolution
		{86ADAC17-7EB0-45D4-8859-AD26E0A1FE22}.Debug|Any CPU.ActiveCfg = Debug|Any CPU
		{86ADAC17-7EB0-45D4-8859-AD26E0A1FE22}.Debug|Any CPU.Build.0 = Debug|Any CPU
		{86ADAC17-7EB0-45D4-8859-AD26E0A1FE22}.Release|Any CPU.ActiveCfg = Release|Any CPU
		{86ADAC17-7EB0-45D4-8859-AD26E0A1FE22}.Release|Any CPU.Build.0 = Release|Any CPU
	EndGlobalSection
	GlobalSection(SolutionProperties) = preSolution
		HideSolutionNode = FALSE
	EndGlobalSection
	GlobalSection(ExtensibilityGlobals) = postSolution
		SolutionGuid = {B83E9D7B-2C6F-4929-8116-C550C72CD83E}
	EndGlobalSection
EndGlobal
